PODS:
  - biosensesignal_flutter_sdk (5.6.3):
    - Flutter
  - Flutter (1.0.0)
  - fluttertoast (0.0.2):
    - Flutter
    - Toast
  - package_info_plus (0.4.5):
    - Flutter
  - permission_handler_apple (9.3.0):
    - Flutter
  - Toast (4.0.0)
  - wakelock_plus (0.0.1):
    - Flutter

DEPENDENCIES:
  - biosensesignal_flutter_sdk (from `.symlinks/plugins/biosensesignal_flutter_sdk/ios`)
  - Flutter (from `Flutter`)
  - fluttertoast (from `.symlinks/plugins/fluttertoast/ios`)
  - package_info_plus (from `.symlinks/plugins/package_info_plus/ios`)
  - permission_handler_apple (from `.symlinks/plugins/permission_handler_apple/ios`)
  - wakelock_plus (from `.symlinks/plugins/wakelock_plus/ios`)

SPEC REPOS:
  trunk:
    - Toast

EXTERNAL SOURCES:
  biosensesignal_flutter_sdk:
    :path: ".symlinks/plugins/biosensesignal_flutter_sdk/ios"
  Flutter:
    :path: Flutter
  fluttertoast:
    :path: ".symlinks/plugins/fluttertoast/ios"
  package_info_plus:
    :path: ".symlinks/plugins/package_info_plus/ios"
  permission_handler_apple:
    :path: ".symlinks/plugins/permission_handler_apple/ios"
  wakelock_plus:
    :path: ".symlinks/plugins/wakelock_plus/ios"

SPEC CHECKSUMS:
  biosensesignal_flutter_sdk: 160407bebbcbb32796bac7809b923921e3d1a5ef
  Flutter: e0871f40cf51350855a761d2e70bf5af5b9b5de7
  fluttertoast: e9a18c7be5413da53898f660530c56f35edfba9c
  package_info_plus: c0502532a26c7662a62a356cebe2692ec5fe4ec4
  permission_handler_apple: 9878588469a2b0d0fc1e048d9f43605f92e6cec2
  Toast: 91b396c56ee72a5790816f40d3a94dd357abc196
  wakelock_plus: 78ec7c5b202cab7761af8e2b2b3d0671be6c4ae1

PODFILE CHECKSUM: ee2c1fe6ae198f7ee729908271ea846427943df6

COCOAPODS: 1.15.2
